{
  "pins" : [
    {
      "identity" : "wwcachemanager",
      "kind" : "remoteSourceControl",
      "location" : "https://github.com/William-Weng/WWCacheManager.git",
      "state" : {
        "revision" : "34d65216cf3b036a820b91f1070134227edb19a2",
        "version" : "1.0.1"
      }
    },
    {
      "identity" : "wwnetworking",
      "kind" : "remoteSourceControl",
      "location" : "https://github.com/William-Weng/WWNetworking.git",
      "state" : {
        "revision" : "77b572ec57cddb9c24dfb42c4bfa56fda98269ac",
        "version" : "1.7.6"
      }
    },
    {
      "identity" : "wwsqlite3manager",
      "kind" : "remoteSourceControl",
      "location" : "https://github.com/William-Weng/WWSQLite3Manager.git",
      "state" : {
        "revision" : "374deec459e7f60584944775aa3b20f7f6f6f07c",
        "version" : "1.5.2"
      }
    }
  ],
  "version" : 2
}
