{
  "originHash" : "3d45a440d44b090a94f1bf2d5a8fde3ad6a2b2c023930577f82a3d8825f4e38e",
  "pins" : [
    {
      "identity" : "wwcachemanager",
      "kind" : "remoteSourceControl",
      "location" : "https://github.com/William-Weng/WWCacheManager.git",
      "state" : {
        "revision" : "34d65216cf3b036a820b91f1070134227edb19a2",
        "version" : "1.0.1"
      }
    },
    {
      "identity" : "wwnetworking",
      "kind" : "remoteSourceControl",
      "location" : "https://github.com/William-Weng/WWNetworking.git",
      "state" : {
        "revision" : "48b103af5d09c4b3c56b184942e670ddf8dc5e92",
        "version" : "1.8.12"
      }
    },
    {
      "identity" : "wwnetworking-uiimage",
      "kind" : "remoteSourceControl",
      "location" : "https://github.com/William-Weng/WWNetworking-UIImage",
      "state" : {
        "revision" : "62df017cae834056fff657a85a0af7e40d7c402e",
        "version" : "1.8.0"
      }
    },
    {
      "identity" : "wwsqlite3manager",
      "kind" : "remoteSourceControl",
      "location" : "https://github.com/William-Weng/WWSQLite3Manager.git",
      "state" : {
        "revision" : "374deec459e7f60584944775aa3b20f7f6f6f07c",
        "version" : "1.5.2"
      }
    }
  ],
  "version" : 3
}
