{
  "originHash" : "3d45a440d44b090a94f1bf2d5a8fde3ad6a2b2c023930577f82a3d8825f4e38e",
  "pins" : [
    {
      "identity" : "wwcachemanager",
      "kind" : "remoteSourceControl",
      "location" : "https://github.com/William-Weng/WWCacheManager.git",
      "state" : {
        "revision" : "34d65216cf3b036a820b91f1070134227edb19a2",
        "version" : "1.0.1"
      }
    },
    {
      "identity" : "wwnetworking",
      "kind" : "remoteSourceControl",
      "location" : "https://github.com/William-Weng/WWNetworking.git",
      "state" : {
        "revision" : "188f716e63171e4f391423d79cb20ed3304abe1e",
        "version" : "1.8.13"
      }
    },
    {
      "identity" : "wwnetworking-uiimage",
      "kind" : "remoteSourceControl",
      "location" : "https://github.com/William-Weng/WWNetworking-UIImage",
      "state" : {
        "revision" : "9cfc93b5cf81280fa319172ee191968f3cdb65b7",
        "version" : "1.8.1"
      }
    },
    {
      "identity" : "wworderedset",
      "kind" : "remoteSourceControl",
      "location" : "https://github.com/William-Weng/WWOrderedSet.git",
      "state" : {
        "revision" : "f55e78e72725103eeb09ca27b70442e2098b6241",
        "version" : "1.0.2"
      }
    },
    {
      "identity" : "wwsqlite3manager",
      "kind" : "remoteSourceControl",
      "location" : "https://github.com/William-Weng/WWSQLite3Manager.git",
      "state" : {
        "revision" : "374deec459e7f60584944775aa3b20f7f6f6f07c",
        "version" : "1.5.2"
      }
    }
  ],
  "version" : 3
}
