{
  "pins" : [
    {
      "identity" : "wwnetworking",
      "kind" : "remoteSourceControl",
      "location" : "https://github.com/William-Weng/WWNetworking.git",
      "state" : {
        "revision" : "0e0684b80861f16441b92baeeafd27bbdb2234c2",
        "version" : "1.5.4"
      }
    },
    {
      "identity" : "wwnetworking-uiimage",
      "kind" : "remoteSourceControl",
      "location" : "https://github.com/William-Weng/WWNetworking-UIImage.git",
      "state" : {
        "branch" : "Main",
        "revision" : "d223c293af6f6345fea2e5f739cd06331c748bda"
      }
    },
    {
      "identity" : "wwprint",
      "kind" : "remoteSourceControl",
      "location" : "https://github.com/William-Weng/WWPrint.git",
      "state" : {
        "revision" : "8f5928f5d36624d77f8fc563fd8e31a59cfac6b6",
        "version" : "1.3.1"
      }
    },
    {
      "identity" : "wwsqlite3manager",
      "kind" : "remoteSourceControl",
      "location" : "https://github.com/William-Weng/WWSQLite3Manager.git",
      "state" : {
        "revision" : "2a84d9ce8e7ac8294177a1a439064b091237c469",
        "version" : "1.4.10"
      }
    }
  ],
  "version" : 2
}
